// !$*UTF8*$!
{
	archiveVersion = 1;
	classes = {
	};
	objectVersion = 56;
	objects = {

/* Begin PBXBuildFile section */
		280BB7D12AD078100025B0DC /* URLSessionHTTPClientTests.swift in Sources */ = {isa = PBXBuildFile; fileRef = 280BB7D02AD078100025B0DC /* URLSessionHTTPClientTests.swift */; };
		28112E7E2AE015C4003067B2 /* XCTestCase+MemoryLeakTracking.swift in Sources */ = {isa = PBXBuildFile; fileRef = 287C3C812AD4416B0094AC2F /* XCTestCase+MemoryLeakTracking.swift */; };
		28112E7F2AE01701003067B2 /* FeedCacheTestHelpers.swift in Sources */ = {isa = PBXBuildFile; fileRef = 28F4F84D2AD9914C000CD17F /* FeedCacheTestHelpers.swift */; };
		28112E802AE0182F003067B2 /* SharedTestHelpers.swift in Sources */ = {isa = PBXBuildFile; fileRef = 28F4F84F2AD9924C000CD17F /* SharedTestHelpers.swift */; };
		282CE63E2AD463FE007CE17B /* URLSessionHTTPClient.swift in Sources */ = {isa = PBXBuildFile; fileRef = 282CE63D2AD463FE007CE17B /* URLSessionHTTPClient.swift */; };
		282CE6482AD47B88007CE17B /* EssentialFeedAPIEndToEndTests.swift in Sources */ = {isa = PBXBuildFile; fileRef = 282CE6472AD47B88007CE17B /* EssentialFeedAPIEndToEndTests.swift */; };
		282CE6492AD47B88007CE17B /* EssentialFeed.framework in Frameworks */ = {isa = PBXBuildFile; fileRef = 286535E42ACDDB8F00572831 /* EssentialFeed.framework */; };
		282CE64F2AD48335007CE17B /* XCTestCase+MemoryLeakTracking.swift in Sources */ = {isa = PBXBuildFile; fileRef = 287C3C812AD4416B0094AC2F /* XCTestCase+MemoryLeakTracking.swift */; };
		284B6E602ADF05DA0039F14F /* CoreDataFeedStore.swift in Sources */ = {isa = PBXBuildFile; fileRef = 284B6E5F2ADF05DA0039F14F /* CoreDataFeedStore.swift */; };
		284B6E632ADF06070039F14F /* FeedStore.xcdatamodeld in Sources */ = {isa = PBXBuildFile; fileRef = 284B6E612ADF06070039F14F /* FeedStore.xcdatamodeld */; };
		284B6E672ADF12CD0039F14F /* CoreDataHelpers.swift in Sources */ = {isa = PBXBuildFile; fileRef = 284B6E662ADF12CD0039F14F /* CoreDataHelpers.swift */; };
		284B6E692ADF13560039F14F /* ManagedCache.swift in Sources */ = {isa = PBXBuildFile; fileRef = 284B6E682ADF13560039F14F /* ManagedCache.swift */; };
		284B6E6B2ADF13840039F14F /* ManagedFeedImage.swift in Sources */ = {isa = PBXBuildFile; fileRef = 284B6E6A2ADF13840039F14F /* ManagedFeedImage.swift */; };
		284F05C32AE0126F006ADDF8 /* EssentialFeedCacheIntegrationTests.swift in Sources */ = {isa = PBXBuildFile; fileRef = 284F05C22AE0126F006ADDF8 /* EssentialFeedCacheIntegrationTests.swift */; };
		284F05C42AE0126F006ADDF8 /* EssentialFeed.framework in Frameworks */ = {isa = PBXBuildFile; fileRef = 286535E42ACDDB8F00572831 /* EssentialFeed.framework */; };
		286535ED2ACDDB8F00572831 /* EssentialFeed.framework in Frameworks */ = {isa = PBXBuildFile; fileRef = 286535E42ACDDB8F00572831 /* EssentialFeed.framework */; };
		286535F32ACDDB8F00572831 /* EssentialFeed.h in Headers */ = {isa = PBXBuildFile; fileRef = 286535E72ACDDB8F00572831 /* EssentialFeed.h */; settings = {ATTRIBUTES = (Public, ); }; };
		286535FD2ACDDBDE00572831 /* FeedImage.swift in Sources */ = {isa = PBXBuildFile; fileRef = 286535FC2ACDDBDE00572831 /* FeedImage.swift */; };
		286535FF2ACDDE2E00572831 /* FeedLoader.swift in Sources */ = {isa = PBXBuildFile; fileRef = 286535FE2ACDDE2E00572831 /* FeedLoader.swift */; };
		286536022ACDFC3500572831 /* LoadFeedFromRemoteUseCaseTests.swift in Sources */ = {isa = PBXBuildFile; fileRef = 286536012ACDFC3500572831 /* LoadFeedFromRemoteUseCaseTests.swift */; };
		286536052ACEDE3100572831 /* RemoteFeedLoader.swift in Sources */ = {isa = PBXBuildFile; fileRef = 286536042ACEDE3100572831 /* RemoteFeedLoader.swift */; };
		286A0EF92AD82F350027CD03 /* CacheFeedUseCaseTests.swift in Sources */ = {isa = PBXBuildFile; fileRef = 286A0EF82AD82F350027CD03 /* CacheFeedUseCaseTests.swift */; };
		286A0EFC2AD891720027CD03 /* LocalFeedLoader.swift in Sources */ = {isa = PBXBuildFile; fileRef = 286A0EFB2AD891720027CD03 /* LocalFeedLoader.swift */; };
		286A0EFE2AD891C80027CD03 /* FeedStore.swift in Sources */ = {isa = PBXBuildFile; fileRef = 286A0EFD2AD891C80027CD03 /* FeedStore.swift */; };
		286A0F002AD8AA9D0027CD03 /* RemoteFeedItem.swift in Sources */ = {isa = PBXBuildFile; fileRef = 286A0EFF2AD8AA9D0027CD03 /* RemoteFeedItem.swift */; };
		286A0F022AD8AABF0027CD03 /* LocalFeedImage.swift in Sources */ = {isa = PBXBuildFile; fileRef = 286A0F012AD8AABF0027CD03 /* LocalFeedImage.swift */; };
		286A0F042AD8BC840027CD03 /* LoadFeedFromCacheUseCaseTests.swift in Sources */ = {isa = PBXBuildFile; fileRef = 286A0F032AD8BC840027CD03 /* LoadFeedFromCacheUseCaseTests.swift */; };
		286A0F082AD8BD960027CD03 /* FeedStoreSpy.swift in Sources */ = {isa = PBXBuildFile; fileRef = 286A0F072AD8BD960027CD03 /* FeedStoreSpy.swift */; };
		287C3C822AD4416B0094AC2F /* XCTestCase+MemoryLeakTracking.swift in Sources */ = {isa = PBXBuildFile; fileRef = 287C3C812AD4416B0094AC2F /* XCTestCase+MemoryLeakTracking.swift */; };
		28D3BD2D2AD032A200A32D8F /* HTTPClient.swift in Sources */ = {isa = PBXBuildFile; fileRef = 28D3BD2C2AD032A200A32D8F /* HTTPClient.swift */; };
		28D3BD2F2AD032D500A32D8F /* FeedItemsMapper.swift in Sources */ = {isa = PBXBuildFile; fileRef = 28D3BD2E2AD032D500A32D8F /* FeedItemsMapper.swift */; };
		28F4F84C2AD98C7A000CD17F /* ValidateFeedCacheUseCaseTests.swift in Sources */ = {isa = PBXBuildFile; fileRef = 28F4F84B2AD98C7A000CD17F /* ValidateFeedCacheUseCaseTests.swift */; };
		28F4F84E2AD9914C000CD17F /* FeedCacheTestHelpers.swift in Sources */ = {isa = PBXBuildFile; fileRef = 28F4F84D2AD9914C000CD17F /* FeedCacheTestHelpers.swift */; };
		28F4F8502AD9924C000CD17F /* SharedTestHelpers.swift in Sources */ = {isa = PBXBuildFile; fileRef = 28F4F84F2AD9924C000CD17F /* SharedTestHelpers.swift */; };
		28F4F8522ADD6B9B000CD17F /* FeedCachePolicy.swift in Sources */ = {isa = PBXBuildFile; fileRef = 28F4F8512ADD6B9B000CD17F /* FeedCachePolicy.swift */; };
		28F4F8542ADDA1C8000CD17F /* CodableFeedStoreTests.swift in Sources */ = {isa = PBXBuildFile; fileRef = 28F4F8532ADDA1C8000CD17F /* CodableFeedStoreTests.swift */; };
		28F4F8562ADDCAED000CD17F /* CodableFeedStore.swift in Sources */ = {isa = PBXBuildFile; fileRef = 28F4F8552ADDCAED000CD17F /* CodableFeedStore.swift */; };
		28F4F8582ADEDC2A000CD17F /* FeedStoreSpecs.swift in Sources */ = {isa = PBXBuildFile; fileRef = 28F4F8572ADEDC29000CD17F /* FeedStoreSpecs.swift */; };
		28F4F85A2ADEDCF4000CD17F /* XCTestCase+FeedStoreSpecs.swift in Sources */ = {isa = PBXBuildFile; fileRef = 28F4F8592ADEDCF4000CD17F /* XCTestCase+FeedStoreSpecs.swift */; };
		28F4F85D2ADEE30F000CD17F /* XCTestCase+FailableDeleteFeedStoreSpecs.swift in Sources */ = {isa = PBXBuildFile; fileRef = 28F4F85C2ADEE30F000CD17F /* XCTestCase+FailableDeleteFeedStoreSpecs.swift */; };
		28F4F85F2ADEE33C000CD17F /* XCTestCase+FailableInsertFeedStoreSpecs.swift in Sources */ = {isa = PBXBuildFile; fileRef = 28F4F85E2ADEE33C000CD17F /* XCTestCase+FailableInsertFeedStoreSpecs.swift */; };
		28F4F8612ADEE362000CD17F /* XCTestCase+FailableRetrieveFeedStoreSpecs.swift in Sources */ = {isa = PBXBuildFile; fileRef = 28F4F8602ADEE362000CD17F /* XCTestCase+FailableRetrieveFeedStoreSpecs.swift */; };
		28F4F8632ADEEAA1000CD17F /* CoreDataFeedStoreTests.swift in Sources */ = {isa = PBXBuildFile; fileRef = 28F4F8622ADEEAA1000CD17F /* CoreDataFeedStoreTests.swift */; };
/* End PBXBuildFile section */

/* Begin PBXContainerItemProxy section */
		282CE64A2AD47B88007CE17B /* PBXContainerItemProxy */ = {
			isa = PBXContainerItemProxy;
			containerPortal = 286535DB2ACDDB8F00572831 /* Project object */;
			proxyType = 1;
			remoteGlobalIDString = 286535E32ACDDB8F00572831;
			remoteInfo = EssentialFeed;
		};
		284F05C52AE0126F006ADDF8 /* PBXContainerItemProxy */ = {
			isa = PBXContainerItemProxy;
			containerPortal = 286535DB2ACDDB8F00572831 /* Project object */;
			proxyType = 1;
			remoteGlobalIDString = 286535E32ACDDB8F00572831;
			remoteInfo = EssentialFeed;
		};
		286535EE2ACDDB8F00572831 /* PBXContainerItemProxy */ = {
			isa = PBXContainerItemProxy;
			containerPortal = 286535DB2ACDDB8F00572831 /* Project object */;
			proxyType = 1;
			remoteGlobalIDString = 286535E32ACDDB8F00572831;
			remoteInfo = EssentialFeed;
		};
/* End PBXContainerItemProxy section */

/* Begin PBXFileReference section */
		280BB7D02AD078100025B0DC /* URLSessionHTTPClientTests.swift */ = {isa = PBXFileReference; lastKnownFileType = sourcecode.swift; path = URLSessionHTTPClientTests.swift; sourceTree = "<group>"; };
		2823720D2AD4C19000CB9C9C /* CI.xctestplan */ = {isa = PBXFileReference; lastKnownFileType = text; path = CI.xctestplan; sourceTree = "<group>"; };
		2823720F2AD587D300CB9C9C /* EssentialFeed.xctestplan */ = {isa = PBXFileReference; lastKnownFileType = text; path = EssentialFeed.xctestplan; sourceTree = "<group>"; };
		282CE63D2AD463FE007CE17B /* URLSessionHTTPClient.swift */ = {isa = PBXFileReference; lastKnownFileType = sourcecode.swift; path = URLSessionHTTPClient.swift; sourceTree = "<group>"; };
		282CE6452AD47B88007CE17B /* EssentialFeedAPIEndToEndTests.xctest */ = {isa = PBXFileReference; explicitFileType = wrapper.cfbundle; includeInIndex = 0; path = EssentialFeedAPIEndToEndTests.xctest; sourceTree = BUILT_PRODUCTS_DIR; };
		282CE6472AD47B88007CE17B /* EssentialFeedAPIEndToEndTests.swift */ = {isa = PBXFileReference; lastKnownFileType = sourcecode.swift; path = EssentialFeedAPIEndToEndTests.swift; sourceTree = "<group>"; };
		284B6E5F2ADF05DA0039F14F /* CoreDataFeedStore.swift */ = {isa = PBXFileReference; lastKnownFileType = sourcecode.swift; path = CoreDataFeedStore.swift; sourceTree = "<group>"; };
		284B6E622ADF06070039F14F /* FeedStore.xcdatamodel */ = {isa = PBXFileReference; lastKnownFileType = wrapper.xcdatamodel; path = FeedStore.xcdatamodel; sourceTree = "<group>"; };
		284B6E662ADF12CD0039F14F /* CoreDataHelpers.swift */ = {isa = PBXFileReference; lastKnownFileType = sourcecode.swift; path = CoreDataHelpers.swift; sourceTree = "<group>"; };
		284B6E682ADF13560039F14F /* ManagedCache.swift */ = {isa = PBXFileReference; lastKnownFileType = sourcecode.swift; path = ManagedCache.swift; sourceTree = "<group>"; };
		284B6E6A2ADF13840039F14F /* ManagedFeedImage.swift */ = {isa = PBXFileReference; lastKnownFileType = sourcecode.swift; path = ManagedFeedImage.swift; sourceTree = "<group>"; };
		284F05C02AE0126F006ADDF8 /* EssentialFeedCacheIntegrationTests.xctest */ = {isa = PBXFileReference; explicitFileType = wrapper.cfbundle; includeInIndex = 0; path = EssentialFeedCacheIntegrationTests.xctest; sourceTree = BUILT_PRODUCTS_DIR; };
		284F05C22AE0126F006ADDF8 /* EssentialFeedCacheIntegrationTests.swift */ = {isa = PBXFileReference; lastKnownFileType = sourcecode.swift; path = EssentialFeedCacheIntegrationTests.swift; sourceTree = "<group>"; };
		286535E42ACDDB8F00572831 /* EssentialFeed.framework */ = {isa = PBXFileReference; explicitFileType = wrapper.framework; includeInIndex = 0; path = EssentialFeed.framework; sourceTree = BUILT_PRODUCTS_DIR; };
		286535E72ACDDB8F00572831 /* EssentialFeed.h */ = {isa = PBXFileReference; lastKnownFileType = sourcecode.c.h; path = EssentialFeed.h; sourceTree = "<group>"; };
		286535EC2ACDDB8F00572831 /* EssentialFeedTests.xctest */ = {isa = PBXFileReference; explicitFileType = wrapper.cfbundle; includeInIndex = 0; path = EssentialFeedTests.xctest; sourceTree = BUILT_PRODUCTS_DIR; };
		286535FC2ACDDBDE00572831 /* FeedImage.swift */ = {isa = PBXFileReference; lastKnownFileType = sourcecode.swift; path = FeedImage.swift; sourceTree = "<group>"; };
		286535FE2ACDDE2E00572831 /* FeedLoader.swift */ = {isa = PBXFileReference; lastKnownFileType = sourcecode.swift; path = FeedLoader.swift; sourceTree = "<group>"; };
		286536012ACDFC3500572831 /* LoadFeedFromRemoteUseCaseTests.swift */ = {isa = PBXFileReference; lastKnownFileType = sourcecode.swift; path = LoadFeedFromRemoteUseCaseTests.swift; sourceTree = "<group>"; };
		286536042ACEDE3100572831 /* RemoteFeedLoader.swift */ = {isa = PBXFileReference; lastKnownFileType = sourcecode.swift; path = RemoteFeedLoader.swift; sourceTree = "<group>"; };
		286A0EF82AD82F350027CD03 /* CacheFeedUseCaseTests.swift */ = {isa = PBXFileReference; lastKnownFileType = sourcecode.swift; path = CacheFeedUseCaseTests.swift; sourceTree = "<group>"; };
		286A0EFB2AD891720027CD03 /* LocalFeedLoader.swift */ = {isa = PBXFileReference; lastKnownFileType = sourcecode.swift; path = LocalFeedLoader.swift; sourceTree = "<group>"; };
		286A0EFD2AD891C80027CD03 /* FeedStore.swift */ = {isa = PBXFileReference; lastKnownFileType = sourcecode.swift; path = FeedStore.swift; sourceTree = "<group>"; };
		286A0EFF2AD8AA9D0027CD03 /* RemoteFeedItem.swift */ = {isa = PBXFileReference; lastKnownFileType = sourcecode.swift; path = RemoteFeedItem.swift; sourceTree = "<group>"; };
		286A0F012AD8AABF0027CD03 /* LocalFeedImage.swift */ = {isa = PBXFileReference; lastKnownFileType = sourcecode.swift; path = LocalFeedImage.swift; sourceTree = "<group>"; };
		286A0F032AD8BC840027CD03 /* LoadFeedFromCacheUseCaseTests.swift */ = {isa = PBXFileReference; lastKnownFileType = sourcecode.swift; path = LoadFeedFromCacheUseCaseTests.swift; sourceTree = "<group>"; };
		286A0F072AD8BD960027CD03 /* FeedStoreSpy.swift */ = {isa = PBXFileReference; lastKnownFileType = sourcecode.swift; path = FeedStoreSpy.swift; sourceTree = "<group>"; };
		287C3C812AD4416B0094AC2F /* XCTestCase+MemoryLeakTracking.swift */ = {isa = PBXFileReference; lastKnownFileType = sourcecode.swift; path = "XCTestCase+MemoryLeakTracking.swift"; sourceTree = "<group>"; };
		28D3BD2C2AD032A200A32D8F /* HTTPClient.swift */ = {isa = PBXFileReference; lastKnownFileType = sourcecode.swift; path = HTTPClient.swift; sourceTree = "<group>"; };
		28D3BD2E2AD032D500A32D8F /* FeedItemsMapper.swift */ = {isa = PBXFileReference; lastKnownFileType = sourcecode.swift; path = FeedItemsMapper.swift; sourceTree = "<group>"; };
		28F4F84B2AD98C7A000CD17F /* ValidateFeedCacheUseCaseTests.swift */ = {isa = PBXFileReference; lastKnownFileType = sourcecode.swift; path = ValidateFeedCacheUseCaseTests.swift; sourceTree = "<group>"; };
		28F4F84D2AD9914C000CD17F /* FeedCacheTestHelpers.swift */ = {isa = PBXFileReference; lastKnownFileType = sourcecode.swift; path = FeedCacheTestHelpers.swift; sourceTree = "<group>"; };
		28F4F84F2AD9924C000CD17F /* SharedTestHelpers.swift */ = {isa = PBXFileReference; lastKnownFileType = sourcecode.swift; path = SharedTestHelpers.swift; sourceTree = "<group>"; };
		28F4F8512ADD6B9B000CD17F /* FeedCachePolicy.swift */ = {isa = PBXFileReference; lastKnownFileType = sourcecode.swift; path = FeedCachePolicy.swift; sourceTree = "<group>"; };
		28F4F8532ADDA1C8000CD17F /* CodableFeedStoreTests.swift */ = {isa = PBXFileReference; lastKnownFileType = sourcecode.swift; path = CodableFeedStoreTests.swift; sourceTree = "<group>"; };
		28F4F8552ADDCAED000CD17F /* CodableFeedStore.swift */ = {isa = PBXFileReference; lastKnownFileType = sourcecode.swift; path = CodableFeedStore.swift; sourceTree = "<group>"; };
		28F4F8572ADEDC29000CD17F /* FeedStoreSpecs.swift */ = {isa = PBXFileReference; lastKnownFileType = sourcecode.swift; path = FeedStoreSpecs.swift; sourceTree = "<group>"; };
		28F4F8592ADEDCF4000CD17F /* XCTestCase+FeedStoreSpecs.swift */ = {isa = PBXFileReference; lastKnownFileType = sourcecode.swift; path = "XCTestCase+FeedStoreSpecs.swift"; sourceTree = "<group>"; };
		28F4F85C2ADEE30F000CD17F /* XCTestCase+FailableDeleteFeedStoreSpecs.swift */ = {isa = PBXFileReference; lastKnownFileType = sourcecode.swift; path = "XCTestCase+FailableDeleteFeedStoreSpecs.swift"; sourceTree = "<group>"; };
		28F4F85E2ADEE33C000CD17F /* XCTestCase+FailableInsertFeedStoreSpecs.swift */ = {isa = PBXFileReference; lastKnownFileType = sourcecode.swift; path = "XCTestCase+FailableInsertFeedStoreSpecs.swift"; sourceTree = "<group>"; };
		28F4F8602ADEE362000CD17F /* XCTestCase+FailableRetrieveFeedStoreSpecs.swift */ = {isa = PBXFileReference; lastKnownFileType = sourcecode.swift; path = "XCTestCase+FailableRetrieveFeedStoreSpecs.swift"; sourceTree = "<group>"; };
		28F4F8622ADEEAA1000CD17F /* CoreDataFeedStoreTests.swift */ = {isa = PBXFileReference; lastKnownFileType = sourcecode.swift; path = CoreDataFeedStoreTests.swift; sourceTree = "<group>"; };
/* End PBXFileReference section */

/* Begin PBXFrameworksBuildPhase section */
		282CE6422AD47B88007CE17B /* Frameworks */ = {
			isa = PBXFrameworksBuildPhase;
			buildActionMask = 2147483647;
			files = (
				282CE6492AD47B88007CE17B /* EssentialFeed.framework in Frameworks */,
			);
			runOnlyForDeploymentPostprocessing = 0;
		};
		284F05BD2AE0126F006ADDF8 /* Frameworks */ = {
			isa = PBXFrameworksBuildPhase;
			buildActionMask = 2147483647;
			files = (
				284F05C42AE0126F006ADDF8 /* EssentialFeed.framework in Frameworks */,
			);
			runOnlyForDeploymentPostprocessing = 0;
		};
		286535E12ACDDB8F00572831 /* Frameworks */ = {
			isa = PBXFrameworksBuildPhase;
			buildActionMask = 2147483647;
			files = (
			);
			runOnlyForDeploymentPostprocessing = 0;
		};
		286535E92ACDDB8F00572831 /* Frameworks */ = {
			isa = PBXFrameworksBuildPhase;
			buildActionMask = 2147483647;
			files = (
				286535ED2ACDDB8F00572831 /* EssentialFeed.framework in Frameworks */,
			);
			runOnlyForDeploymentPostprocessing = 0;
		};
/* End PBXFrameworksBuildPhase section */

/* Begin PBXGroup section */
		280BB7CF2AD03C170025B0DC /* Feed API */ = {
			isa = PBXGroup;
			children = (
				286536012ACDFC3500572831 /* LoadFeedFromRemoteUseCaseTests.swift */,
				280BB7D02AD078100025B0DC /* URLSessionHTTPClientTests.swift */,
			);
			path = "Feed API";
			sourceTree = "<group>";
		};
		282CE6462AD47B88007CE17B /* EssentialFeedAPIEndToEndTests */ = {
			isa = PBXGroup;
			children = (
				282CE6472AD47B88007CE17B /* EssentialFeedAPIEndToEndTests.swift */,
			);
			path = EssentialFeedAPIEndToEndTests;
			sourceTree = "<group>";
		};
		284B6E642ADF121E0039F14F /* Infrastructure */ = {
			isa = PBXGroup;
			children = (
				284B6E652ADF122F0039F14F /* CoreData */,
			);
			path = Infrastructure;
			sourceTree = "<group>";
		};
		284B6E652ADF122F0039F14F /* CoreData */ = {
			isa = PBXGroup;
			children = (
				284B6E612ADF06070039F14F /* FeedStore.xcdatamodeld */,
				284B6E5F2ADF05DA0039F14F /* CoreDataFeedStore.swift */,
				284B6E662ADF12CD0039F14F /* CoreDataHelpers.swift */,
				284B6E682ADF13560039F14F /* ManagedCache.swift */,
				284B6E6A2ADF13840039F14F /* ManagedFeedImage.swift */,
			);
			path = CoreData;
			sourceTree = "<group>";
		};
		284F05C12AE0126F006ADDF8 /* EssentialFeedCacheIntegrationTests */ = {
			isa = PBXGroup;
			children = (
				284F05C22AE0126F006ADDF8 /* EssentialFeedCacheIntegrationTests.swift */,
			);
			path = EssentialFeedCacheIntegrationTests;
			sourceTree = "<group>";
		};
		286535DA2ACDDB8F00572831 = {
			isa = PBXGroup;
			children = (
				2823720F2AD587D300CB9C9C /* EssentialFeed.xctestplan */,
				2823720D2AD4C19000CB9C9C /* CI.xctestplan */,
				286535E62ACDDB8F00572831 /* EssentialFeed */,
				286535F02ACDDB8F00572831 /* EssentialFeedTests */,
				282CE6462AD47B88007CE17B /* EssentialFeedAPIEndToEndTests */,
				284F05C12AE0126F006ADDF8 /* EssentialFeedCacheIntegrationTests */,
				286535E52ACDDB8F00572831 /* Products */,
			);
			sourceTree = "<group>";
		};
		286535E52ACDDB8F00572831 /* Products */ = {
			isa = PBXGroup;
			children = (
				286535E42ACDDB8F00572831 /* EssentialFeed.framework */,
				286535EC2ACDDB8F00572831 /* EssentialFeedTests.xctest */,
				282CE6452AD47B88007CE17B /* EssentialFeedAPIEndToEndTests.xctest */,
				284F05C02AE0126F006ADDF8 /* EssentialFeedCacheIntegrationTests.xctest */,
			);
			name = Products;
			sourceTree = "<group>";
		};
		286535E62ACDDB8F00572831 /* EssentialFeed */ = {
			isa = PBXGroup;
			children = (
				284B6E642ADF121E0039F14F /* Infrastructure */,
				286A0EFA2AD8915C0027CD03 /* Feed Cache */,
				286536032ACEDE1C00572831 /* Feed API */,
				286535E72ACDDB8F00572831 /* EssentialFeed.h */,
				286536002ACDDEFF00572831 /* Feed Feature */,
			);
			path = EssentialFeed;
			sourceTree = "<group>";
		};
		286535F02ACDDB8F00572831 /* EssentialFeedTests */ = {
			isa = PBXGroup;
			children = (
				287C3C802AD4411E0094AC2F /* Helpers */,
				286A0EF72AD82EF30027CD03 /* Feed Cache */,
				280BB7CF2AD03C170025B0DC /* Feed API */,
			);
			path = EssentialFeedTests;
			sourceTree = "<group>";
		};
		286536002ACDDEFF00572831 /* Feed Feature */ = {
			isa = PBXGroup;
			children = (
				286535FC2ACDDBDE00572831 /* FeedImage.swift */,
				286535FE2ACDDE2E00572831 /* FeedLoader.swift */,
			);
			path = "Feed Feature";
			sourceTree = "<group>";
		};
		286536032ACEDE1C00572831 /* Feed API */ = {
			isa = PBXGroup;
			children = (
				286536042ACEDE3100572831 /* RemoteFeedLoader.swift */,
				28D3BD2E2AD032D500A32D8F /* FeedItemsMapper.swift */,
				28D3BD2C2AD032A200A32D8F /* HTTPClient.swift */,
				282CE63D2AD463FE007CE17B /* URLSessionHTTPClient.swift */,
				286A0EFF2AD8AA9D0027CD03 /* RemoteFeedItem.swift */,
			);
			path = "Feed API";
			sourceTree = "<group>";
		};
		286A0EF72AD82EF30027CD03 /* Feed Cache */ = {
			isa = PBXGroup;
			children = (
				28F4F85B2ADEE2E8000CD17F /* FeedStoreSpecs */,
				286A0F052AD8BD580027CD03 /* Helpers */,
				286A0EF82AD82F350027CD03 /* CacheFeedUseCaseTests.swift */,
				286A0F032AD8BC840027CD03 /* LoadFeedFromCacheUseCaseTests.swift */,
				28F4F84B2AD98C7A000CD17F /* ValidateFeedCacheUseCaseTests.swift */,
				28F4F8532ADDA1C8000CD17F /* CodableFeedStoreTests.swift */,
				28F4F8622ADEEAA1000CD17F /* CoreDataFeedStoreTests.swift */,
			);
			path = "Feed Cache";
			sourceTree = "<group>";
		};
		286A0EFA2AD8915C0027CD03 /* Feed Cache */ = {
			isa = PBXGroup;
			children = (
				286A0EFB2AD891720027CD03 /* LocalFeedLoader.swift */,
				286A0EFD2AD891C80027CD03 /* FeedStore.swift */,
				286A0F012AD8AABF0027CD03 /* LocalFeedImage.swift */,
				28F4F8512ADD6B9B000CD17F /* FeedCachePolicy.swift */,
				28F4F8552ADDCAED000CD17F /* CodableFeedStore.swift */,
			);
			path = "Feed Cache";
			sourceTree = "<group>";
		};
		286A0F052AD8BD580027CD03 /* Helpers */ = {
			isa = PBXGroup;
			children = (
				286A0F072AD8BD960027CD03 /* FeedStoreSpy.swift */,
				28F4F84D2AD9914C000CD17F /* FeedCacheTestHelpers.swift */,
			);
			path = Helpers;
			sourceTree = "<group>";
		};
		287C3C802AD4411E0094AC2F /* Helpers */ = {
			isa = PBXGroup;
			children = (
				287C3C812AD4416B0094AC2F /* XCTestCase+MemoryLeakTracking.swift */,
				28F4F84F2AD9924C000CD17F /* SharedTestHelpers.swift */,
			);
			path = Helpers;
			sourceTree = "<group>";
		};
		28F4F85B2ADEE2E8000CD17F /* FeedStoreSpecs */ = {
			isa = PBXGroup;
			children = (
				28F4F8572ADEDC29000CD17F /* FeedStoreSpecs.swift */,
				28F4F8592ADEDCF4000CD17F /* XCTestCase+FeedStoreSpecs.swift */,
				28F4F85C2ADEE30F000CD17F /* XCTestCase+FailableDeleteFeedStoreSpecs.swift */,
				28F4F85E2ADEE33C000CD17F /* XCTestCase+FailableInsertFeedStoreSpecs.swift */,
				28F4F8602ADEE362000CD17F /* XCTestCase+FailableRetrieveFeedStoreSpecs.swift */,
			);
			path = FeedStoreSpecs;
			sourceTree = "<group>";
		};
/* End PBXGroup section */

/* Begin PBXHeadersBuildPhase section */
		286535DF2ACDDB8F00572831 /* Headers */ = {
			isa = PBXHeadersBuildPhase;
			buildActionMask = 2147483647;
			files = (
				286535F32ACDDB8F00572831 /* EssentialFeed.h in Headers */,
			);
			runOnlyForDeploymentPostprocessing = 0;
		};
/* End PBXHeadersBuildPhase section */

/* Begin PBXNativeTarget section */
		282CE6442AD47B88007CE17B /* EssentialFeedAPIEndToEndTests */ = {
			isa = PBXNativeTarget;
			buildConfigurationList = 282CE64C2AD47B88007CE17B /* Build configuration list for PBXNativeTarget "EssentialFeedAPIEndToEndTests" */;
			buildPhases = (
				282CE6412AD47B88007CE17B /* Sources */,
				282CE6422AD47B88007CE17B /* Frameworks */,
				282CE6432AD47B88007CE17B /* Resources */,
			);
			buildRules = (
			);
			dependencies = (
				282CE64B2AD47B88007CE17B /* PBXTargetDependency */,
			);
			name = EssentialFeedAPIEndToEndTests;
			productName = EssentialFeedAPIEndToEndTests;
			productReference = 282CE6452AD47B88007CE17B /* EssentialFeedAPIEndToEndTests.xctest */;
			productType = "com.apple.product-type.bundle.unit-test";
		};
		284F05BF2AE0126F006ADDF8 /* EssentialFeedCacheIntegrationTests */ = {
			isa = PBXNativeTarget;
			buildConfigurationList = 284F05C72AE0126F006ADDF8 /* Build configuration list for PBXNativeTarget "EssentialFeedCacheIntegrationTests" */;
			buildPhases = (
				284F05BC2AE0126F006ADDF8 /* Sources */,
				284F05BD2AE0126F006ADDF8 /* Frameworks */,
				284F05BE2AE0126F006ADDF8 /* Resources */,
			);
			buildRules = (
			);
			dependencies = (
				284F05C62AE0126F006ADDF8 /* PBXTargetDependency */,
			);
			name = EssentialFeedCacheIntegrationTests;
			productName = EssentialFeedCacheIntegrationTests;
			productReference = 284F05C02AE0126F006ADDF8 /* EssentialFeedCacheIntegrationTests.xctest */;
			productType = "com.apple.product-type.bundle.unit-test";
		};
		286535E32ACDDB8F00572831 /* EssentialFeed */ = {
			isa = PBXNativeTarget;
			buildConfigurationList = 286535F62ACDDB8F00572831 /* Build configuration list for PBXNativeTarget "EssentialFeed" */;
			buildPhases = (
				286535DF2ACDDB8F00572831 /* Headers */,
				286535E02ACDDB8F00572831 /* Sources */,
				286535E12ACDDB8F00572831 /* Frameworks */,
				286535E22ACDDB8F00572831 /* Resources */,
			);
			buildRules = (
			);
			dependencies = (
			);
			name = EssentialFeed;
			productName = EssentialFeed;
			productReference = 286535E42ACDDB8F00572831 /* EssentialFeed.framework */;
			productType = "com.apple.product-type.framework";
		};
		286535EB2ACDDB8F00572831 /* EssentialFeedTests */ = {
			isa = PBXNativeTarget;
			buildConfigurationList = 286535F92ACDDB8F00572831 /* Build configuration list for PBXNativeTarget "EssentialFeedTests" */;
			buildPhases = (
				286535E82ACDDB8F00572831 /* Sources */,
				286535E92ACDDB8F00572831 /* Frameworks */,
				286535EA2ACDDB8F00572831 /* Resources */,
			);
			buildRules = (
			);
			dependencies = (
				286535EF2ACDDB8F00572831 /* PBXTargetDependency */,
			);
			name = EssentialFeedTests;
			productName = EssentialFeedTests;
			productReference = 286535EC2ACDDB8F00572831 /* EssentialFeedTests.xctest */;
			productType = "com.apple.product-type.bundle.unit-test";
		};
/* End PBXNativeTarget section */

/* Begin PBXProject section */
		286535DB2ACDDB8F00572831 /* Project object */ = {
			isa = PBXProject;
			attributes = {
				BuildIndependentTargetsInParallel = 1;
				LastSwiftUpdateCheck = 1500;
				LastUpgradeCheck = 1500;
				TargetAttributes = {
					282CE6442AD47B88007CE17B = {
						CreatedOnToolsVersion = 14.3.1;
					};
					284F05BF2AE0126F006ADDF8 = {
						CreatedOnToolsVersion = 15.0;
					};
					286535E32ACDDB8F00572831 = {
						CreatedOnToolsVersion = 14.3.1;
						LastSwiftMigration = 1430;
					};
					286535EB2ACDDB8F00572831 = {
						CreatedOnToolsVersion = 14.3.1;
					};
				};
			};
			buildConfigurationList = 286535DE2ACDDB8F00572831 /* Build configuration list for PBXProject "EssentialFeed" */;
			compatibilityVersion = "Xcode 14.0";
			developmentRegion = en;
			hasScannedForEncodings = 0;
			knownRegions = (
				en,
				Base,
			);
			mainGroup = 286535DA2ACDDB8F00572831;
			productRefGroup = 286535E52ACDDB8F00572831 /* Products */;
			projectDirPath = "";
			projectRoot = "";
			targets = (
				286535E32ACDDB8F00572831 /* EssentialFeed */,
				286535EB2ACDDB8F00572831 /* EssentialFeedTests */,
				282CE6442AD47B88007CE17B /* EssentialFeedAPIEndToEndTests */,
				284F05BF2AE0126F006ADDF8 /* EssentialFeedCacheIntegrationTests */,
			);
		};
/* End PBXProject section */

/* Begin PBXResourcesBuildPhase section */
		282CE6432AD47B88007CE17B /* Resources */ = {
			isa = PBXResourcesBuildPhase;
			buildActionMask = 2147483647;
			files = (
			);
			runOnlyForDeploymentPostprocessing = 0;
		};
		284F05BE2AE0126F006ADDF8 /* Resources */ = {
			isa = PBXResourcesBuildPhase;
			buildActionMask = 2147483647;
			files = (
			);
			runOnlyForDeploymentPostprocessing = 0;
		};
		286535E22ACDDB8F00572831 /* Resources */ = {
			isa = PBXResourcesBuildPhase;
			buildActionMask = 2147483647;
			files = (
			);
			runOnlyForDeploymentPostprocessing = 0;
		};
		286535EA2ACDDB8F00572831 /* Resources */ = {
			isa = PBXResourcesBuildPhase;
			buildActionMask = 2147483647;
			files = (
			);
			runOnlyForDeploymentPostprocessing = 0;
		};
/* End PBXResourcesBuildPhase section */

/* Begin PBXSourcesBuildPhase section */
		282CE6412AD47B88007CE17B /* Sources */ = {
			isa = PBXSourcesBuildPhase;
			buildActionMask = 2147483647;
			files = (
				282CE6482AD47B88007CE17B /* EssentialFeedAPIEndToEndTests.swift in Sources */,
				282CE64F2AD48335007CE17B /* XCTestCase+MemoryLeakTracking.swift in Sources */,
			);
			runOnlyForDeploymentPostprocessing = 0;
		};
		284F05BC2AE0126F006ADDF8 /* Sources */ = {
			isa = PBXSourcesBuildPhase;
			buildActionMask = 2147483647;
			files = (
				28112E802AE0182F003067B2 /* SharedTestHelpers.swift in Sources */,
				284F05C32AE0126F006ADDF8 /* EssentialFeedCacheIntegrationTests.swift in Sources */,
				28112E7F2AE01701003067B2 /* FeedCacheTestHelpers.swift in Sources */,
				28112E7E2AE015C4003067B2 /* XCTestCase+MemoryLeakTracking.swift in Sources */,
			);
			runOnlyForDeploymentPostprocessing = 0;
		};
		286535E02ACDDB8F00572831 /* Sources */ = {
			isa = PBXSourcesBuildPhase;
			buildActionMask = 2147483647;
			files = (
				284B6E672ADF12CD0039F14F /* CoreDataHelpers.swift in Sources */,
				28D3BD2F2AD032D500A32D8F /* FeedItemsMapper.swift in Sources */,
				286535FF2ACDDE2E00572831 /* FeedLoader.swift in Sources */,
				286A0F002AD8AA9D0027CD03 /* RemoteFeedItem.swift in Sources */,
				28F4F8522ADD6B9B000CD17F /* FeedCachePolicy.swift in Sources */,
				286536052ACEDE3100572831 /* RemoteFeedLoader.swift in Sources */,
				284B6E632ADF06070039F14F /* FeedStore.xcdatamodeld in Sources */,
				286A0F022AD8AABF0027CD03 /* LocalFeedImage.swift in Sources */,
				286A0EFE2AD891C80027CD03 /* FeedStore.swift in Sources */,
				286A0EFC2AD891720027CD03 /* LocalFeedLoader.swift in Sources */,
				28F4F8562ADDCAED000CD17F /* CodableFeedStore.swift in Sources */,
				28D3BD2D2AD032A200A32D8F /* HTTPClient.swift in Sources */,
				286535FD2ACDDBDE00572831 /* FeedImage.swift in Sources */,
				282CE63E2AD463FE007CE17B /* URLSessionHTTPClient.swift in Sources */,
				284B6E692ADF13560039F14F /* ManagedCache.swift in Sources */,
				284B6E602ADF05DA0039F14F /* CoreDataFeedStore.swift in Sources */,
				284B6E6B2ADF13840039F14F /* ManagedFeedImage.swift in Sources */,
			);
			runOnlyForDeploymentPostprocessing = 0;
		};
		286535E82ACDDB8F00572831 /* Sources */ = {
			isa = PBXSourcesBuildPhase;
			buildActionMask = 2147483647;
			files = (
				28F4F8542ADDA1C8000CD17F /* CodableFeedStoreTests.swift in Sources */,
				28F4F85D2ADEE30F000CD17F /* XCTestCase+FailableDeleteFeedStoreSpecs.swift in Sources */,
				28F4F84E2AD9914C000CD17F /* FeedCacheTestHelpers.swift in Sources */,
				28F4F84C2AD98C7A000CD17F /* ValidateFeedCacheUseCaseTests.swift in Sources */,
				28F4F85F2ADEE33C000CD17F /* XCTestCase+FailableInsertFeedStoreSpecs.swift in Sources */,
				286536022ACDFC3500572831 /* LoadFeedFromRemoteUseCaseTests.swift in Sources */,
				280BB7D12AD078100025B0DC /* URLSessionHTTPClientTests.swift in Sources */,
				28F4F8612ADEE362000CD17F /* XCTestCase+FailableRetrieveFeedStoreSpecs.swift in Sources */,
				286A0F082AD8BD960027CD03 /* FeedStoreSpy.swift in Sources */,
				28F4F8502AD9924C000CD17F /* SharedTestHelpers.swift in Sources */,
				286A0EF92AD82F350027CD03 /* CacheFeedUseCaseTests.swift in Sources */,
				286A0F042AD8BC840027CD03 /* LoadFeedFromCacheUseCaseTests.swift in Sources */,
				28F4F8582ADEDC2A000CD17F /* FeedStoreSpecs.swift in Sources */,
				287C3C822AD4416B0094AC2F /* XCTestCase+MemoryLeakTracking.swift in Sources */,
				28F4F8632ADEEAA1000CD17F /* CoreDataFeedStoreTests.swift in Sources */,
				28F4F85A2ADEDCF4000CD17F /* XCTestCase+FeedStoreSpecs.swift in Sources */,
			);
			runOnlyForDeploymentPostprocessing = 0;
		};
/* End PBXSourcesBuildPhase section */

/* Begin PBXTargetDependency section */
		282CE64B2AD47B88007CE17B /* PBXTargetDependency */ = {
			isa = PBXTargetDependency;
			target = 286535E32ACDDB8F00572831 /* EssentialFeed */;
			targetProxy = 282CE64A2AD47B88007CE17B /* PBXContainerItemProxy */;
		};
		284F05C62AE0126F006ADDF8 /* PBXTargetDependency */ = {
			isa = PBXTargetDependency;
			target = 286535E32ACDDB8F00572831 /* EssentialFeed */;
			targetProxy = 284F05C52AE0126F006ADDF8 /* PBXContainerItemProxy */;
		};
		286535EF2ACDDB8F00572831 /* PBXTargetDependency */ = {
			isa = PBXTargetDependency;
			target = 286535E32ACDDB8F00572831 /* EssentialFeed */;
			targetProxy = 286535EE2ACDDB8F00572831 /* PBXContainerItemProxy */;
		};
/* End PBXTargetDependency section */

/* Begin XCBuildConfiguration section */
		282CE64D2AD47B88007CE17B /* Debug */ = {
			isa = XCBuildConfiguration;
			buildSettings = {
				CODE_SIGN_STYLE = Automatic;
				CURRENT_PROJECT_VERSION = 1;
				DEAD_CODE_STRIPPING = YES;
				DEVELOPMENT_TEAM = M5D6QW3TZP;
				GENERATE_INFOPLIST_FILE = YES;
				MARKETING_VERSION = 1.0;
				PRODUCT_BUNDLE_IDENTIFIER = herrero.EssentialFeedAPIEndToEndTests;
				PRODUCT_NAME = "$(TARGET_NAME)";
				SUPPORTED_PLATFORMS = "macosx iphoneos iphonesimulator";
				SWIFT_EMIT_LOC_STRINGS = NO;
				SWIFT_VERSION = 5.0;
			};
			name = Debug;
		};
		282CE64E2AD47B88007CE17B /* Release */ = {
			isa = XCBuildConfiguration;
			buildSettings = {
				CODE_SIGN_STYLE = Automatic;
				CURRENT_PROJECT_VERSION = 1;
				DEAD_CODE_STRIPPING = YES;
				DEVELOPMENT_TEAM = M5D6QW3TZP;
				GENERATE_INFOPLIST_FILE = YES;
				MARKETING_VERSION = 1.0;
				PRODUCT_BUNDLE_IDENTIFIER = herrero.EssentialFeedAPIEndToEndTests;
				PRODUCT_NAME = "$(TARGET_NAME)";
				SUPPORTED_PLATFORMS = "macosx iphoneos iphonesimulator";
				SWIFT_EMIT_LOC_STRINGS = NO;
				SWIFT_VERSION = 5.0;
			};
			name = Release;
		};
		284F05C82AE0126F006ADDF8 /* Debug */ = {
			isa = XCBuildConfiguration;
			buildSettings = {
				ASSETCATALOG_COMPILER_GENERATE_SWIFT_ASSET_SYMBOL_EXTENSIONS = YES;
				CODE_SIGN_STYLE = Automatic;
				CURRENT_PROJECT_VERSION = 1;
				DEAD_CODE_STRIPPING = YES;
				DEVELOPMENT_TEAM = M5D6QW3TZP;
				ENABLE_USER_SCRIPT_SANDBOXING = YES;
				GCC_C_LANGUAGE_STANDARD = gnu17;
				GENERATE_INFOPLIST_FILE = YES;
				LOCALIZATION_PREFERS_STRING_CATALOGS = YES;
				MACOSX_DEPLOYMENT_TARGET = 14.0;
				MARKETING_VERSION = 1.0;
				PRODUCT_BUNDLE_IDENTIFIER = herrero.EssentialFeedCacheIntegrationTests;
				PRODUCT_NAME = "$(TARGET_NAME)";
				SWIFT_ACTIVE_COMPILATION_CONDITIONS = "DEBUG $(inherited)";
				SWIFT_EMIT_LOC_STRINGS = NO;
				SWIFT_VERSION = 5.0;
			};
			name = Debug;
		};
		284F05C92AE0126F006ADDF8 /* Release */ = {
			isa = XCBuildConfiguration;
			buildSettings = {
				ASSETCATALOG_COMPILER_GENERATE_SWIFT_ASSET_SYMBOL_EXTENSIONS = YES;
				CODE_SIGN_STYLE = Automatic;
				CURRENT_PROJECT_VERSION = 1;
				DEAD_CODE_STRIPPING = YES;
				DEVELOPMENT_TEAM = M5D6QW3TZP;
				ENABLE_USER_SCRIPT_SANDBOXING = YES;
				GCC_C_LANGUAGE_STANDARD = gnu17;
				GENERATE_INFOPLIST_FILE = YES;
				LOCALIZATION_PREFERS_STRING_CATALOGS = YES;
				MACOSX_DEPLOYMENT_TARGET = 14.0;
				MARKETING_VERSION = 1.0;
				PRODUCT_BUNDLE_IDENTIFIER = herrero.EssentialFeedCacheIntegrationTests;
				PRODUCT_NAME = "$(TARGET_NAME)";
				SWIFT_EMIT_LOC_STRINGS = NO;
				SWIFT_VERSION = 5.0;
			};
			name = Release;
		};
		286535F42ACDDB8F00572831 /* Debug */ = {
			isa = XCBuildConfiguration;
			buildSettings = {
				ALWAYS_SEARCH_USER_PATHS = NO;
				CLANG_ANALYZER_NONNULL = YES;
				CLANG_ANALYZER_NUMBER_OBJECT_CONVERSION = YES_AGGRESSIVE;
				CLANG_CXX_LANGUAGE_STANDARD = "gnu++20";
				CLANG_ENABLE_MODULES = YES;
				CLANG_ENABLE_OBJC_ARC = YES;
				CLANG_ENABLE_OBJC_WEAK = YES;
				CLANG_WARN_BLOCK_CAPTURE_AUTORELEASING = YES;
				CLANG_WARN_BOOL_CONVERSION = YES;
				CLANG_WARN_COMMA = YES;
				CLANG_WARN_CONSTANT_CONVERSION = YES;
				CLANG_WARN_DEPRECATED_OBJC_IMPLEMENTATIONS = YES;
				CLANG_WARN_DIRECT_OBJC_ISA_USAGE = YES_ERROR;
				CLANG_WARN_DOCUMENTATION_COMMENTS = YES;
				CLANG_WARN_EMPTY_BODY = YES;
				CLANG_WARN_ENUM_CONVERSION = YES;
				CLANG_WARN_INFINITE_RECURSION = YES;
				CLANG_WARN_INT_CONVERSION = YES;
				CLANG_WARN_NON_LITERAL_NULL_CONVERSION = YES;
				CLANG_WARN_OBJC_IMPLICIT_RETAIN_SELF = YES;
				CLANG_WARN_OBJC_LITERAL_CONVERSION = YES;
				CLANG_WARN_OBJC_ROOT_CLASS = YES_ERROR;
				CLANG_WARN_QUOTED_INCLUDE_IN_FRAMEWORK_HEADER = YES;
				CLANG_WARN_RANGE_LOOP_ANALYSIS = YES;
				CLANG_WARN_STRICT_PROTOTYPES = YES;
				CLANG_WARN_SUSPICIOUS_MOVE = YES;
				CLANG_WARN_UNGUARDED_AVAILABILITY = YES_AGGRESSIVE;
				CLANG_WARN_UNREACHABLE_CODE = YES;
				CLANG_WARN__DUPLICATE_METHOD_MATCH = YES;
				COPY_PHASE_STRIP = NO;
				CURRENT_PROJECT_VERSION = 1;
				DEAD_CODE_STRIPPING = YES;
				DEBUG_INFORMATION_FORMAT = dwarf;
				ENABLE_STRICT_OBJC_MSGSEND = YES;
				ENABLE_TESTABILITY = YES;
				GCC_C_LANGUAGE_STANDARD = gnu11;
				GCC_DYNAMIC_NO_PIC = NO;
				GCC_NO_COMMON_BLOCKS = YES;
				GCC_OPTIMIZATION_LEVEL = 0;
				GCC_PREPROCESSOR_DEFINITIONS = (
					"DEBUG=1",
					"$(inherited)",
				);
				GCC_WARN_64_TO_32_BIT_CONVERSION = YES;
				GCC_WARN_ABOUT_RETURN_TYPE = YES_ERROR;
				GCC_WARN_UNDECLARED_SELECTOR = YES;
				GCC_WARN_UNINITIALIZED_AUTOS = YES_AGGRESSIVE;
				GCC_WARN_UNUSED_FUNCTION = YES;
				GCC_WARN_UNUSED_VARIABLE = YES;
				MACOSX_DEPLOYMENT_TARGET = 13.0;
				MTL_ENABLE_DEBUG_INFO = INCLUDE_SOURCE;
				MTL_FAST_MATH = YES;
				ONLY_ACTIVE_ARCH = YES;
				SDKROOT = macosx;
				SWIFT_ACTIVE_COMPILATION_CONDITIONS = DEBUG;
				SWIFT_OPTIMIZATION_LEVEL = "-Onone";
				VERSIONING_SYSTEM = "apple-generic";
				VERSION_INFO_PREFIX = "";
			};
			name = Debug;
		};
		286535F52ACDDB8F00572831 /* Release */ = {
			isa = XCBuildConfiguration;
			buildSettings = {
				ALWAYS_SEARCH_USER_PATHS = NO;
				CLANG_ANALYZER_NONNULL = YES;
				CLANG_ANALYZER_NUMBER_OBJECT_CONVERSION = YES_AGGRESSIVE;
				CLANG_CXX_LANGUAGE_STANDARD = "gnu++20";
				CLANG_ENABLE_MODULES = YES;
				CLANG_ENABLE_OBJC_ARC = YES;
				CLANG_ENABLE_OBJC_WEAK = YES;
				CLANG_WARN_BLOCK_CAPTURE_AUTORELEASING = YES;
				CLANG_WARN_BOOL_CONVERSION = YES;
				CLANG_WARN_COMMA = YES;
				CLANG_WARN_CONSTANT_CONVERSION = YES;
				CLANG_WARN_DEPRECATED_OBJC_IMPLEMENTATIONS = YES;
				CLANG_WARN_DIRECT_OBJC_ISA_USAGE = YES_ERROR;
				CLANG_WARN_DOCUMENTATION_COMMENTS = YES;
				CLANG_WARN_EMPTY_BODY = YES;
				CLANG_WARN_ENUM_CONVERSION = YES;
				CLANG_WARN_INFINITE_RECURSION = YES;
				CLANG_WARN_INT_CONVERSION = YES;
				CLANG_WARN_NON_LITERAL_NULL_CONVERSION = YES;
				CLANG_WARN_OBJC_IMPLICIT_RETAIN_SELF = YES;
				CLANG_WARN_OBJC_LITERAL_CONVERSION = YES;
				CLANG_WARN_OBJC_ROOT_CLASS = YES_ERROR;
				CLANG_WARN_QUOTED_INCLUDE_IN_FRAMEWORK_HEADER = YES;
				CLANG_WARN_RANGE_LOOP_ANALYSIS = YES;
				CLANG_WARN_STRICT_PROTOTYPES = YES;
				CLANG_WARN_SUSPICIOUS_MOVE = YES;
				CLANG_WARN_UNGUARDED_AVAILABILITY = YES_AGGRESSIVE;
				CLANG_WARN_UNREACHABLE_CODE = YES;
				CLANG_WARN__DUPLICATE_METHOD_MATCH = YES;
				COPY_PHASE_STRIP = NO;
				CURRENT_PROJECT_VERSION = 1;
				DEAD_CODE_STRIPPING = YES;
				DEBUG_INFORMATION_FORMAT = "dwarf-with-dsym";
				ENABLE_NS_ASSERTIONS = NO;
				ENABLE_STRICT_OBJC_MSGSEND = YES;
				GCC_C_LANGUAGE_STANDARD = gnu11;
				GCC_NO_COMMON_BLOCKS = YES;
				GCC_WARN_64_TO_32_BIT_CONVERSION = YES;
				GCC_WARN_ABOUT_RETURN_TYPE = YES_ERROR;
				GCC_WARN_UNDECLARED_SELECTOR = YES;
				GCC_WARN_UNINITIALIZED_AUTOS = YES_AGGRESSIVE;
				GCC_WARN_UNUSED_FUNCTION = YES;
				GCC_WARN_UNUSED_VARIABLE = YES;
				MACOSX_DEPLOYMENT_TARGET = 13.0;
				MTL_ENABLE_DEBUG_INFO = NO;
				MTL_FAST_MATH = YES;
				SDKROOT = macosx;
				SWIFT_COMPILATION_MODE = wholemodule;
				SWIFT_OPTIMIZATION_LEVEL = "-O";
				VERSIONING_SYSTEM = "apple-generic";
				VERSION_INFO_PREFIX = "";
			};
			name = Release;
		};
		286535F72ACDDB8F00572831 /* Debug */ = {
			isa = XCBuildConfiguration;
			buildSettings = {
				CLANG_ENABLE_MODULES = YES;
				CODE_SIGN_IDENTITY = "";
				CODE_SIGN_STYLE = Automatic;
				COMBINE_HIDPI_IMAGES = YES;
				CURRENT_PROJECT_VERSION = 1;
				DEAD_CODE_STRIPPING = YES;
				DEFINES_MODULE = YES;
				DEVELOPMENT_TEAM = M5D6QW3TZP;
				DYLIB_COMPATIBILITY_VERSION = 1;
				DYLIB_CURRENT_VERSION = 1;
				DYLIB_INSTALL_NAME_BASE = "@rpath";
				ENABLE_MODULE_VERIFIER = YES;
				GENERATE_INFOPLIST_FILE = YES;
				INFOPLIST_KEY_NSHumanReadableCopyright = "";
				INSTALL_PATH = "$(LOCAL_LIBRARY_DIR)/Frameworks";
				LD_RUNPATH_SEARCH_PATHS = (
					"$(inherited)",
					"@executable_path/../Frameworks",
					"@loader_path/Frameworks",
				);
				MARKETING_VERSION = 1.0;
				MODULE_VERIFIER_SUPPORTED_LANGUAGES = "objective-c objective-c++";
				MODULE_VERIFIER_SUPPORTED_LANGUAGE_STANDARDS = "gnu11 gnu++20";
				PRODUCT_BUNDLE_IDENTIFIER = herrero.EssentialFeed;
				PRODUCT_NAME = "$(TARGET_NAME:c99extidentifier)";
				SKIP_INSTALL = YES;
				SUPPORTED_PLATFORMS = "macosx iphonesimulator iphoneos";
				SWIFT_EMIT_LOC_STRINGS = YES;
				SWIFT_OPTIMIZATION_LEVEL = "-Onone";
				SWIFT_VERSION = 5.0;
			};
			name = Debug;
		};
		286535F82ACDDB8F00572831 /* Release */ = {
			isa = XCBuildConfiguration;
			buildSettings = {
				CLANG_ENABLE_MODULES = YES;
				CODE_SIGN_IDENTITY = "";
				CODE_SIGN_STYLE = Automatic;
				COMBINE_HIDPI_IMAGES = YES;
				CURRENT_PROJECT_VERSION = 1;
				DEAD_CODE_STRIPPING = YES;
				DEFINES_MODULE = YES;
				DEVELOPMENT_TEAM = M5D6QW3TZP;
				DYLIB_COMPATIBILITY_VERSION = 1;
				DYLIB_CURRENT_VERSION = 1;
				DYLIB_INSTALL_NAME_BASE = "@rpath";
				ENABLE_MODULE_VERIFIER = YES;
				GENERATE_INFOPLIST_FILE = YES;
				INFOPLIST_KEY_NSHumanReadableCopyright = "";
				INSTALL_PATH = "$(LOCAL_LIBRARY_DIR)/Frameworks";
				LD_RUNPATH_SEARCH_PATHS = (
					"$(inherited)",
					"@executable_path/../Frameworks",
					"@loader_path/Frameworks",
				);
				MARKETING_VERSION = 1.0;
				MODULE_VERIFIER_SUPPORTED_LANGUAGES = "objective-c objective-c++";
				MODULE_VERIFIER_SUPPORTED_LANGUAGE_STANDARDS = "gnu11 gnu++20";
				PRODUCT_BUNDLE_IDENTIFIER = herrero.EssentialFeed;
				PRODUCT_NAME = "$(TARGET_NAME:c99extidentifier)";
				SKIP_INSTALL = YES;
				SUPPORTED_PLATFORMS = "macosx iphonesimulator iphoneos";
				SWIFT_EMIT_LOC_STRINGS = YES;
				SWIFT_VERSION = 5.0;
			};
			name = Release;
		};
		286535FA2ACDDB8F00572831 /* Debug */ = {
			isa = XCBuildConfiguration;
			buildSettings = {
				ALWAYS_EMBED_SWIFT_STANDARD_LIBRARIES = YES;
				CODE_SIGN_STYLE = Automatic;
				CURRENT_PROJECT_VERSION = 1;
				DEAD_CODE_STRIPPING = YES;
				DEVELOPMENT_TEAM = M5D6QW3TZP;
				GENERATE_INFOPLIST_FILE = YES;
				MARKETING_VERSION = 1.0;
				PRODUCT_BUNDLE_IDENTIFIER = herrero.EssentialFeedTests;
				PRODUCT_NAME = "$(TARGET_NAME)";
				SUPPORTED_PLATFORMS = "macosx iphonesimulator iphoneos";
				SWIFT_EMIT_LOC_STRINGS = NO;
				SWIFT_VERSION = 5.0;
			};
			name = Debug;
		};
		286535FB2ACDDB8F00572831 /* Release */ = {
			isa = XCBuildConfiguration;
			buildSettings = {
				ALWAYS_EMBED_SWIFT_STANDARD_LIBRARIES = YES;
				CODE_SIGN_STYLE = Automatic;
				CURRENT_PROJECT_VERSION = 1;
				DEAD_CODE_STRIPPING = YES;
				DEVELOPMENT_TEAM = M5D6QW3TZP;
				GENERATE_INFOPLIST_FILE = YES;
				MARKETING_VERSION = 1.0;
				PRODUCT_BUNDLE_IDENTIFIER = herrero.EssentialFeedTests;
				PRODUCT_NAME = "$(TARGET_NAME)";
				SUPPORTED_PLATFORMS = "macosx iphonesimulator iphoneos";
				SWIFT_EMIT_LOC_STRINGS = NO;
				SWIFT_VERSION = 5.0;
			};
			name = Release;
		};
/* End XCBuildConfiguration section */

/* Begin XCConfigurationList section */
		282CE64C2AD47B88007CE17B /* Build configuration list for PBXNativeTarget "EssentialFeedAPIEndToEndTests" */ = {
			isa = XCConfigurationList;
			buildConfigurations = (
				282CE64D2AD47B88007CE17B /* Debug */,
				282CE64E2AD47B88007CE17B /* Release */,
			);
			defaultConfigurationIsVisible = 0;
			defaultConfigurationName = Release;
		};
		284F05C72AE0126F006ADDF8 /* Build configuration list for PBXNativeTarget "EssentialFeedCacheIntegrationTests" */ = {
			isa = XCConfigurationList;
			buildConfigurations = (
				284F05C82AE0126F006ADDF8 /* Debug */,
				284F05C92AE0126F006ADDF8 /* Release */,
			);
			defaultConfigurationIsVisible = 0;
			defaultConfigurationName = Release;
		};
		286535DE2ACDDB8F00572831 /* Build configuration list for PBXProject "EssentialFeed" */ = {
			isa = XCConfigurationList;
			buildConfigurations = (
				286535F42ACDDB8F00572831 /* Debug */,
				286535F52ACDDB8F00572831 /* Release */,
			);
			defaultConfigurationIsVisible = 0;
			defaultConfigurationName = Release;
		};
		286535F62ACDDB8F00572831 /* Build configuration list for PBXNativeTarget "EssentialFeed" */ = {
			isa = XCConfigurationList;
			buildConfigurations = (
				286535F72ACDDB8F00572831 /* Debug */,
				286535F82ACDDB8F00572831 /* Release */,
			);
			defaultConfigurationIsVisible = 0;
			defaultConfigurationName = Release;
		};
		286535F92ACDDB8F00572831 /* Build configuration list for PBXNativeTarget "EssentialFeedTests" */ = {
			isa = XCConfigurationList;
			buildConfigurations = (
				286535FA2ACDDB8F00572831 /* Debug */,
				286535FB2ACDDB8F00572831 /* Release */,
			);
			defaultConfigurationIsVisible = 0;
			defaultConfigurationName = Release;
		};
/* End XCConfigurationList section */

/* Begin XCVersionGroup section */
		284B6E612ADF06070039F14F /* FeedStore.xcdatamodeld */ = {
			isa = XCVersionGroup;
			children = (
				284B6E622ADF06070039F14F /* FeedStore.xcdatamodel */,
			);
			currentVersion = 284B6E622ADF06070039F14F /* FeedStore.xcdatamodel */;
			path = FeedStore.xcdatamodeld;
			sourceTree = "<group>";
			versionGroupType = wrapper.xcdatamodel;
		};
/* End XCVersionGroup section */
	};
	rootObject = 286535DB2ACDDB8F00572831 /* Project object */;
}
